
Microsoft Visual Studio Solution File, Format Version 12.00
# Visual Studio Version 17
VisualStudioVersion = 17.12.35527.113 d17.12
MinimumVisualStudioVersion = 10.0.40219.1
Project("{FAE04EC0-301F-11D3-BF4B-00C04F79EFBC}") = "Test_Trigger", "Test_Trigger\Test_Trigger.csproj", "{EA5DF4D2-856E-45F8-A02C-2B04CB669F36}"
EndProject
Global
	GlobalSection(SolutionConfigurationPlatforms) = preSolution
		Debug|Any CPU = Debug|Any CPU
		Release|Any CPU = Release|Any CPU
	EndGlobalSection
	GlobalSection(ProjectConfigurationPlatforms) = postSolution
		{EA5DF4D2-856E-45F8-A02C-2B04CB669F36}.Debug|Any CPU.ActiveCfg = Debug|Any CPU
		{EA5DF4D2-856E-45F8-A02C-2B04CB669F36}.Debug|Any CPU.Build.0 = Debug|Any CPU
		{EA5DF4D2-856E-45F8-A02C-2B04CB669F36}.Release|Any CPU.ActiveCfg = Release|Any CPU
		{EA5DF4D2-856E-45F8-A02C-2B04CB669F36}.Release|Any CPU.Build.0 = Release|Any CPU
	EndGlobalSection
	GlobalSection(SolutionProperties) = preSolution
		HideSolutionNode = FALSE
	EndGlobalSection
EndGlobal
